// !$*UTF8*$!
{
	archiveVersion = 1;
	classes = {
	};
	objectVersion = 55;
	objects = {

/* Begin PBXBuildFile section */
		7159D8E42818940F007AAB9B /* Direction.swift in Sources */ = {isa = PBXBuildFile; fileRef = 7159D8E32818940F007AAB9B /* Direction.swift */; };
		7159D8E628189934007AAB9B /* View+Extension.swift in Sources */ = {isa = PBXBuildFile; fileRef = 7159D8E528189934007AAB9B /* View+Extension.swift */; };
		7159D8E928189D44007AAB9B /* MainService.swift in Sources */ = {isa = PBXBuildFile; fileRef = 7159D8E828189D44007AAB9B /* MainService.swift */; };
		7159D8EB28189E59007AAB9B /* MainCore.swift in Sources */ = {isa = PBXBuildFile; fileRef = 7159D8EA28189E59007AAB9B /* MainCore.swift */; };
		7159D8F228189F18007AAB9B /* SwiftHelper in Frameworks */ = {isa = PBXBuildFile; productRef = 7159D8F128189F18007AAB9B /* SwiftHelper */; };
		7159D8F42818A6B0007AAB9B /* Services.swift in Sources */ = {isa = PBXBuildFile; fileRef = 7159D8F32818A6B0007AAB9B /* Services.swift */; };
		7159D8F72818B076007AAB9B /* ScenarioView.swift in Sources */ = {isa = PBXBuildFile; fileRef = 7159D8F62818B076007AAB9B /* ScenarioView.swift */; };
		71F791212815BDB00012426E /* LawmeApp.swift in Sources */ = {isa = PBXBuildFile; fileRef = 71F791202815BDB00012426E /* LawmeApp.swift */; };
		71F791232815BDB00012426E /* MainView.swift in Sources */ = {isa = PBXBuildFile; fileRef = 71F791222815BDB00012426E /* MainView.swift */; };
		71F791252815BDB00012426E /* Assets.xcassets in Resources */ = {isa = PBXBuildFile; fileRef = 71F791242815BDB00012426E /* Assets.xcassets */; };
		71F791282815BDB00012426E /* Preview Assets.xcassets in Resources */ = {isa = PBXBuildFile; fileRef = 71F791272815BDB00012426E /* Preview Assets.xcassets */; };
		71F791302815BDCE0012426E /* ComposableArchitecture in Frameworks */ = {isa = PBXBuildFile; productRef = 71F7912F2815BDCE0012426E /* ComposableArchitecture */; };
		71F7913B2815BDF90012426E /* APIClient.swift in Sources */ = {isa = PBXBuildFile; fileRef = 71F791322815BDF90012426E /* APIClient.swift */; };
		71F7913C2815BDF90012426E /* HTTPMethod.swift in Sources */ = {isa = PBXBuildFile; fileRef = 71F791332815BDF90012426E /* HTTPMethod.swift */; };
		71F7913D2815BDF90012426E /* LawService.swift in Sources */ = {isa = PBXBuildFile; fileRef = 71F791352815BDF90012426E /* LawService.swift */; };
		71F7913E2815BDF90012426E /* Question.swift in Sources */ = {isa = PBXBuildFile; fileRef = 71F791372815BDF90012426E /* Question.swift */; };
		71F7913F2815BDF90012426E /* Law.swift in Sources */ = {isa = PBXBuildFile; fileRef = 71F791382815BDF90012426E /* Law.swift */; };
		71F791402815BDF90012426E /* Scenario.swift in Sources */ = {isa = PBXBuildFile; fileRef = 71F791392815BDF90012426E /* Scenario.swift */; };
		71F791412815BDF90012426E /* Difficulty.swift in Sources */ = {isa = PBXBuildFile; fileRef = 71F7913A2815BDF90012426E /* Difficulty.swift */; };
/* End PBXBuildFile section */

/* Begin PBXFileReference section */
		7159D8E32818940F007AAB9B /* Direction.swift */ = {isa = PBXFileReference; lastKnownFileType = sourcecode.swift; path = Direction.swift; sourceTree = "<group>"; };
		7159D8E528189934007AAB9B /* View+Extension.swift */ = {isa = PBXFileReference; lastKnownFileType = sourcecode.swift; path = "View+Extension.swift"; sourceTree = "<group>"; };
		7159D8E828189D44007AAB9B /* MainService.swift */ = {isa = PBXFileReference; lastKnownFileType = sourcecode.swift; path = MainService.swift; sourceTree = "<group>"; };
		7159D8EA28189E59007AAB9B /* MainCore.swift */ = {isa = PBXFileReference; lastKnownFileType = sourcecode.swift; path = MainCore.swift; sourceTree = "<group>"; };
		7159D8EF28189EED007AAB9B /* SwiftHelper */ = {isa = PBXFileReference; lastKnownFileType = wrapper; name = SwiftHelper; path = ../SwiftHelper; sourceTree = "<group>"; };
		7159D8F32818A6B0007AAB9B /* Services.swift */ = {isa = PBXFileReference; lastKnownFileType = sourcecode.swift; path = Services.swift; sourceTree = "<group>"; };
		7159D8F62818B076007AAB9B /* ScenarioView.swift */ = {isa = PBXFileReference; lastKnownFileType = sourcecode.swift; path = ScenarioView.swift; sourceTree = "<group>"; };
		71F7911D2815BDB00012426E /* Lawme.app */ = {isa = PBXFileReference; explicitFileType = wrapper.application; includeInIndex = 0; path = Lawme.app; sourceTree = BUILT_PRODUCTS_DIR; };
		71F791202815BDB00012426E /* LawmeApp.swift */ = {isa = PBXFileReference; lastKnownFileType = sourcecode.swift; path = LawmeApp.swift; sourceTree = "<group>"; };
		71F791222815BDB00012426E /* MainView.swift */ = {isa = PBXFileReference; lastKnownFileType = sourcecode.swift; path = MainView.swift; sourceTree = "<group>"; };
		71F791242815BDB00012426E /* Assets.xcassets */ = {isa = PBXFileReference; lastKnownFileType = folder.assetcatalog; path = Assets.xcassets; sourceTree = "<group>"; };
		71F791272815BDB00012426E /* Preview Assets.xcassets */ = {isa = PBXFileReference; lastKnownFileType = folder.assetcatalog; path = "Preview Assets.xcassets"; sourceTree = "<group>"; };
		71F791322815BDF90012426E /* APIClient.swift */ = {isa = PBXFileReference; fileEncoding = 4; lastKnownFileType = sourcecode.swift; path = APIClient.swift; sourceTree = "<group>"; };
		71F791332815BDF90012426E /* HTTPMethod.swift */ = {isa = PBXFileReference; fileEncoding = 4; lastKnownFileType = sourcecode.swift; path = HTTPMethod.swift; sourceTree = "<group>"; };
		71F791352815BDF90012426E /* LawService.swift */ = {isa = PBXFileReference; fileEncoding = 4; lastKnownFileType = sourcecode.swift; path = LawService.swift; sourceTree = "<group>"; };
		71F791372815BDF90012426E /* Question.swift */ = {isa = PBXFileReference; fileEncoding = 4; lastKnownFileType = sourcecode.swift; path = Question.swift; sourceTree = "<group>"; };
		71F791382815BDF90012426E /* Law.swift */ = {isa = PBXFileReference; fileEncoding = 4; lastKnownFileType = sourcecode.swift; path = Law.swift; sourceTree = "<group>"; };
		71F791392815BDF90012426E /* Scenario.swift */ = {isa = PBXFileReference; fileEncoding = 4; lastKnownFileType = sourcecode.swift; path = Scenario.swift; sourceTree = "<group>"; };
		71F7913A2815BDF90012426E /* Difficulty.swift */ = {isa = PBXFileReference; fileEncoding = 4; lastKnownFileType = sourcecode.swift; path = Difficulty.swift; sourceTree = "<group>"; };
/* End PBXFileReference section */

/* Begin PBXFrameworksBuildPhase section */
		71F7911A2815BDB00012426E /* Frameworks */ = {
			isa = PBXFrameworksBuildPhase;
			buildActionMask = 2147483647;
			files = (
				7159D8F228189F18007AAB9B /* SwiftHelper in Frameworks */,
				71F791302815BDCE0012426E /* ComposableArchitecture in Frameworks */,
			);
			runOnlyForDeploymentPostprocessing = 0;
		};
/* End PBXFrameworksBuildPhase section */

/* Begin PBXGroup section */
		7159D8E2281893F3007AAB9B /* Common */ = {
			isa = PBXGroup;
			children = (
				7159D8E32818940F007AAB9B /* Direction.swift */,
				7159D8E528189934007AAB9B /* View+Extension.swift */,
				7159D8F32818A6B0007AAB9B /* Services.swift */,
			);
			path = Common;
			sourceTree = "<group>";
		};
		7159D8EC28189E68007AAB9B /* UI */ = {
			isa = PBXGroup;
			children = (
				7159D8F52818B063007AAB9B /* Scenario */,
				7159D8ED28189E72007AAB9B /* Main */,
			);
			path = UI;
			sourceTree = "<group>";
		};
		7159D8ED28189E72007AAB9B /* Main */ = {
			isa = PBXGroup;
			children = (
				71F791222815BDB00012426E /* MainView.swift */,
				7159D8EA28189E59007AAB9B /* MainCore.swift */,
			);
			path = Main;
			sourceTree = "<group>";
		};
		7159D8EE28189EED007AAB9B /* Packages */ = {
			isa = PBXGroup;
			children = (
				7159D8EF28189EED007AAB9B /* SwiftHelper */,
			);
			name = Packages;
			sourceTree = "<group>";
		};
		7159D8F028189F18007AAB9B /* Frameworks */ = {
			isa = PBXGroup;
			children = (
			);
			name = Frameworks;
			sourceTree = "<group>";
		};
		7159D8F52818B063007AAB9B /* Scenario */ = {
			isa = PBXGroup;
			children = (
				7159D8F62818B076007AAB9B /* ScenarioView.swift */,
			);
			path = Scenario;
			sourceTree = "<group>";
		};
		71F791142815BDB00012426E = {
			isa = PBXGroup;
			children = (
				71F7911F2815BDB00012426E /* Lawme */,
				7159D8EE28189EED007AAB9B /* Packages */,
				71F7911E2815BDB00012426E /* Products */,
				7159D8F028189F18007AAB9B /* Frameworks */,
			);
			sourceTree = "<group>";
		};
		71F7911E2815BDB00012426E /* Products */ = {
			isa = PBXGroup;
			children = (
				71F7911D2815BDB00012426E /* Lawme.app */,
			);
			name = Products;
			sourceTree = "<group>";
		};
		71F7911F2815BDB00012426E /* Lawme */ = {
			isa = PBXGroup;
			children = (
				7159D8EC28189E68007AAB9B /* UI */,
				7159D8E2281893F3007AAB9B /* Common */,
				71F791362815BDF90012426E /* Model */,
				71F791312815BDF90012426E /* Networking */,
				71F791342815BDF90012426E /* Services */,
				71F791202815BDB00012426E /* LawmeApp.swift */,
				71F791242815BDB00012426E /* Assets.xcassets */,
				71F791262815BDB00012426E /* Preview Content */,
			);
			path = Lawme;
			sourceTree = "<group>";
		};
		71F791262815BDB00012426E /* Preview Content */ = {
			isa = PBXGroup;
			children = (
				71F791272815BDB00012426E /* Preview Assets.xcassets */,
			);
			path = "Preview Content";
			sourceTree = "<group>";
		};
		71F791312815BDF90012426E /* Networking */ = {
			isa = PBXGroup;
			children = (
				71F791322815BDF90012426E /* APIClient.swift */,
				71F791332815BDF90012426E /* HTTPMethod.swift */,
			);
			path = Networking;
			sourceTree = "<group>";
		};
		71F791342815BDF90012426E /* Services */ = {
			isa = PBXGroup;
			children = (
				71F791352815BDF90012426E /* LawService.swift */,
				7159D8E828189D44007AAB9B /* MainService.swift */,
			);
			path = Services;
			sourceTree = "<group>";
		};
		71F791362815BDF90012426E /* Model */ = {
			isa = PBXGroup;
			children = (
				71F791372815BDF90012426E /* Question.swift */,
				71F791382815BDF90012426E /* Law.swift */,
				71F791392815BDF90012426E /* Scenario.swift */,
				71F7913A2815BDF90012426E /* Difficulty.swift */,
			);
			path = Model;
			sourceTree = "<group>";
		};
/* End PBXGroup section */

/* Begin PBXNativeTarget section */
		71F7911C2815BDB00012426E /* Lawme */ = {
			isa = PBXNativeTarget;
			buildConfigurationList = 71F7912B2815BDB00012426E /* Build configuration list for PBXNativeTarget "Lawme" */;
			buildPhases = (
				71F791192815BDB00012426E /* Sources */,
				71F7911A2815BDB00012426E /* Frameworks */,
				71F7911B2815BDB00012426E /* Resources */,
			);
			buildRules = (
			);
			dependencies = (
			);
			name = Lawme;
			packageProductDependencies = (
				71F7912F2815BDCE0012426E /* ComposableArchitecture */,
				7159D8F128189F18007AAB9B /* SwiftHelper */,
			);
			productName = Lawme;
			productReference = 71F7911D2815BDB00012426E /* Lawme.app */;
			productType = "com.apple.product-type.application";
		};
/* End PBXNativeTarget section */

/* Begin PBXProject section */
		71F791152815BDB00012426E /* Project object */ = {
			isa = PBXProject;
			attributes = {
				BuildIndependentTargetsInParallel = 1;
				LastSwiftUpdateCheck = 1330;
				LastUpgradeCheck = 1330;
				TargetAttributes = {
					71F7911C2815BDB00012426E = {
						CreatedOnToolsVersion = 13.3.1;
					};
				};
			};
			buildConfigurationList = 71F791182815BDB00012426E /* Build configuration list for PBXProject "Lawme" */;
			compatibilityVersion = "Xcode 13.0";
			developmentRegion = en;
			hasScannedForEncodings = 0;
			knownRegions = (
				en,
				Base,
			);
			mainGroup = 71F791142815BDB00012426E;
			packageReferences = (
				71F7912E2815BDCE0012426E /* XCRemoteSwiftPackageReference "swift-composable-architecture" */,
			);
			productRefGroup = 71F7911E2815BDB00012426E /* Products */;
			projectDirPath = "";
			projectRoot = "";
			targets = (
				71F7911C2815BDB00012426E /* Lawme */,
			);
		};
/* End PBXProject section */

/* Begin PBXResourcesBuildPhase section */
		71F7911B2815BDB00012426E /* Resources */ = {
			isa = PBXResourcesBuildPhase;
			buildActionMask = 2147483647;
			files = (
				71F791282815BDB00012426E /* Preview Assets.xcassets in Resources */,
				71F791252815BDB00012426E /* Assets.xcassets in Resources */,
			);
			runOnlyForDeploymentPostprocessing = 0;
		};
/* End PBXResourcesBuildPhase section */

/* Begin PBXSourcesBuildPhase section */
		71F791192815BDB00012426E /* Sources */ = {
			isa = PBXSourcesBuildPhase;
			buildActionMask = 2147483647;
			files = (
				71F7913C2815BDF90012426E /* HTTPMethod.swift in Sources */,
				7159D8E928189D44007AAB9B /* MainService.swift in Sources */,
				71F7913B2815BDF90012426E /* APIClient.swift in Sources */,
				7159D8F42818A6B0007AAB9B /* Services.swift in Sources */,
				71F791232815BDB00012426E /* MainView.swift in Sources */,
				7159D8EB28189E59007AAB9B /* MainCore.swift in Sources */,
				7159D8E42818940F007AAB9B /* Direction.swift in Sources */,
				71F7913E2815BDF90012426E /* Question.swift in Sources */,
				71F7913D2815BDF90012426E /* LawService.swift in Sources */,
				71F791412815BDF90012426E /* Difficulty.swift in Sources */,
				7159D8E628189934007AAB9B /* View+Extension.swift in Sources */,
				71F791402815BDF90012426E /* Scenario.swift in Sources */,
				71F791212815BDB00012426E /* LawmeApp.swift in Sources */,
				71F7913F2815BDF90012426E /* Law.swift in Sources */,
				7159D8F72818B076007AAB9B /* ScenarioView.swift in Sources */,
			);
			runOnlyForDeploymentPostprocessing = 0;
		};
/* End PBXSourcesBuildPhase section */

/* Begin XCBuildConfiguration section */
		71F791292815BDB00012426E /* Debug */ = {
			isa = XCBuildConfiguration;
			buildSettings = {
				ALWAYS_SEARCH_USER_PATHS = NO;
				CLANG_ANALYZER_NONNULL = YES;
				CLANG_ANALYZER_NUMBER_OBJECT_CONVERSION = YES_AGGRESSIVE;
				CLANG_CXX_LANGUAGE_STANDARD = "gnu++17";
				CLANG_ENABLE_MODULES = YES;
				CLANG_ENABLE_OBJC_ARC = YES;
				CLANG_ENABLE_OBJC_WEAK = YES;
				CLANG_WARN_BLOCK_CAPTURE_AUTORELEASING = YES;
				CLANG_WARN_BOOL_CONVERSION = YES;
				CLANG_WARN_COMMA = YES;
				CLANG_WARN_CONSTANT_CONVERSION = YES;
				CLANG_WARN_DEPRECATED_OBJC_IMPLEMENTATIONS = YES;
				CLANG_WARN_DIRECT_OBJC_ISA_USAGE = YES_ERROR;
				CLANG_WARN_DOCUMENTATION_COMMENTS = YES;
				CLANG_WARN_EMPTY_BODY = YES;
				CLANG_WARN_ENUM_CONVERSION = YES;
				CLANG_WARN_INFINITE_RECURSION = YES;
				CLANG_WARN_INT_CONVERSION = YES;
				CLANG_WARN_NON_LITERAL_NULL_CONVERSION = YES;
				CLANG_WARN_OBJC_IMPLICIT_RETAIN_SELF = YES;
				CLANG_WARN_OBJC_LITERAL_CONVERSION = YES;
				CLANG_WARN_OBJC_ROOT_CLASS = YES_ERROR;
				CLANG_WARN_QUOTED_INCLUDE_IN_FRAMEWORK_HEADER = YES;
				CLANG_WARN_RANGE_LOOP_ANALYSIS = YES;
				CLANG_WARN_STRICT_PROTOTYPES = YES;
				CLANG_WARN_SUSPICIOUS_MOVE = YES;
				CLANG_WARN_UNGUARDED_AVAILABILITY = YES_AGGRESSIVE;
				CLANG_WARN_UNREACHABLE_CODE = YES;
				CLANG_WARN__DUPLICATE_METHOD_MATCH = YES;
				COPY_PHASE_STRIP = NO;
				DEBUG_INFORMATION_FORMAT = dwarf;
				ENABLE_STRICT_OBJC_MSGSEND = YES;
				ENABLE_TESTABILITY = YES;
				GCC_C_LANGUAGE_STANDARD = gnu11;
				GCC_DYNAMIC_NO_PIC = NO;
				GCC_NO_COMMON_BLOCKS = YES;
				GCC_OPTIMIZATION_LEVEL = 0;
				GCC_PREPROCESSOR_DEFINITIONS = (
					"DEBUG=1",
					"$(inherited)",
				);
				GCC_WARN_64_TO_32_BIT_CONVERSION = YES;
				GCC_WARN_ABOUT_RETURN_TYPE = YES_ERROR;
				GCC_WARN_UNDECLARED_SELECTOR = YES;
				GCC_WARN_UNINITIALIZED_AUTOS = YES_AGGRESSIVE;
				GCC_WARN_UNUSED_FUNCTION = YES;
				GCC_WARN_UNUSED_VARIABLE = YES;
				IPHONEOS_DEPLOYMENT_TARGET = 15.4;
				MTL_ENABLE_DEBUG_INFO = INCLUDE_SOURCE;
				MTL_FAST_MATH = YES;
				ONLY_ACTIVE_ARCH = YES;
				SDKROOT = iphoneos;
				SWIFT_ACTIVE_COMPILATION_CONDITIONS = DEBUG;
				SWIFT_OPTIMIZATION_LEVEL = "-Onone";
			};
			name = Debug;
		};
		71F7912A2815BDB00012426E /* Release */ = {
			isa = XCBuildConfiguration;
			buildSettings = {
				ALWAYS_SEARCH_USER_PATHS = NO;
				CLANG_ANALYZER_NONNULL = YES;
				CLANG_ANALYZER_NUMBER_OBJECT_CONVERSION = YES_AGGRESSIVE;
				CLANG_CXX_LANGUAGE_STANDARD = "gnu++17";
				CLANG_ENABLE_MODULES = YES;
				CLANG_ENABLE_OBJC_ARC = YES;
				CLANG_ENABLE_OBJC_WEAK = YES;
				CLANG_WARN_BLOCK_CAPTURE_AUTORELEASING = YES;
				CLANG_WARN_BOOL_CONVERSION = YES;
				CLANG_WARN_COMMA = YES;
				CLANG_WARN_CONSTANT_CONVERSION = YES;
				CLANG_WARN_DEPRECATED_OBJC_IMPLEMENTATIONS = YES;
				CLANG_WARN_DIRECT_OBJC_ISA_USAGE = YES_ERROR;
				CLANG_WARN_DOCUMENTATION_COMMENTS = YES;
				CLANG_WARN_EMPTY_BODY = YES;
				CLANG_WARN_ENUM_CONVERSION = YES;
				CLANG_WARN_INFINITE_RECURSION = YES;
				CLANG_WARN_INT_CONVERSION = YES;
				CLANG_WARN_NON_LITERAL_NULL_CONVERSION = YES;
				CLANG_WARN_OBJC_IMPLICIT_RETAIN_SELF = YES;
				CLANG_WARN_OBJC_LITERAL_CONVERSION = YES;
				CLANG_WARN_OBJC_ROOT_CLASS = YES_ERROR;
				CLANG_WARN_QUOTED_INCLUDE_IN_FRAMEWORK_HEADER = YES;
				CLANG_WARN_RANGE_LOOP_ANALYSIS = YES;
				CLANG_WARN_STRICT_PROTOTYPES = YES;
				CLANG_WARN_SUSPICIOUS_MOVE = YES;
				CLANG_WARN_UNGUARDED_AVAILABILITY = YES_AGGRESSIVE;
				CLANG_WARN_UNREACHABLE_CODE = YES;
				CLANG_WARN__DUPLICATE_METHOD_MATCH = YES;
				COPY_PHASE_STRIP = NO;
				DEBUG_INFORMATION_FORMAT = "dwarf-with-dsym";
				ENABLE_NS_ASSERTIONS = NO;
				ENABLE_STRICT_OBJC_MSGSEND = YES;
				GCC_C_LANGUAGE_STANDARD = gnu11;
				GCC_NO_COMMON_BLOCKS = YES;
				GCC_WARN_64_TO_32_BIT_CONVERSION = YES;
				GCC_WARN_ABOUT_RETURN_TYPE = YES_ERROR;
				GCC_WARN_UNDECLARED_SELECTOR = YES;
				GCC_WARN_UNINITIALIZED_AUTOS = YES_AGGRESSIVE;
				GCC_WARN_UNUSED_FUNCTION = YES;
				GCC_WARN_UNUSED_VARIABLE = YES;
				IPHONEOS_DEPLOYMENT_TARGET = 15.4;
				MTL_ENABLE_DEBUG_INFO = NO;
				MTL_FAST_MATH = YES;
				SDKROOT = iphoneos;
				SWIFT_COMPILATION_MODE = wholemodule;
				SWIFT_OPTIMIZATION_LEVEL = "-O";
				VALIDATE_PRODUCT = YES;
			};
			name = Release;
		};
		71F7912C2815BDB00012426E /* Debug */ = {
			isa = XCBuildConfiguration;
			buildSettings = {
				ASSETCATALOG_COMPILER_APPICON_NAME = AppIcon;
				ASSETCATALOG_COMPILER_GLOBAL_ACCENT_COLOR_NAME = AccentColor;
				CODE_SIGN_STYLE = Automatic;
				CURRENT_PROJECT_VERSION = 1;
				DEVELOPMENT_ASSET_PATHS = "\"Lawme/Preview Content\"";
				DEVELOPMENT_TEAM = 7UZH6B548Y;
				ENABLE_PREVIEWS = YES;
				GENERATE_INFOPLIST_FILE = YES;
				INFOPLIST_KEY_UIApplicationSceneManifest_Generation = YES;
				INFOPLIST_KEY_UIApplicationSupportsIndirectInputEvents = YES;
				INFOPLIST_KEY_UILaunchScreen_Generation = YES;
				INFOPLIST_KEY_UISupportedInterfaceOrientations = UIInterfaceOrientationPortrait;
				INFOPLIST_KEY_UISupportedInterfaceOrientations_iPad = "UIInterfaceOrientationPortrait UIInterfaceOrientationPortraitUpsideDown UIInterfaceOrientationLandscapeLeft UIInterfaceOrientationLandscapeRight";
				INFOPLIST_KEY_UISupportedInterfaceOrientations_iPhone = "UIInterfaceOrientationPortrait UIInterfaceOrientationLandscapeLeft UIInterfaceOrientationLandscapeRight";
				IPHONEOS_DEPLOYMENT_TARGET = 14.0;
				LD_RUNPATH_SEARCH_PATHS = (
					"$(inherited)",
					"@executable_path/Frameworks",
				);
				MARKETING_VERSION = 1.0;
				PRODUCT_BUNDLE_IDENTIFIER = com.ebucelik.Lawme;
				PRODUCT_NAME = "$(TARGET_NAME)";
				SWIFT_EMIT_LOC_STRINGS = YES;
				SWIFT_VERSION = 5.0;
				TARGETED_DEVICE_FAMILY = 1;
			};
			name = Debug;
		};
		71F7912D2815BDB00012426E /* Release */ = {
			isa = XCBuildConfiguration;
			buildSettings = {
				ASSETCATALOG_COMPILER_APPICON_NAME = AppIcon;
				ASSETCATALOG_COMPILER_GLOBAL_ACCENT_COLOR_NAME = AccentColor;
				CODE_SIGN_STYLE = Automatic;
				CURRENT_PROJECT_VERSION = 1;
				DEVELOPMENT_ASSET_PATHS = "\"Lawme/Preview Content\"";
				DEVELOPMENT_TEAM = 7UZH6B548Y;
				ENABLE_PREVIEWS = YES;
				GENERATE_INFOPLIST_FILE = YES;
				INFOPLIST_KEY_UIApplicationSceneManifest_Generation = YES;
				INFOPLIST_KEY_UIApplicationSupportsIndirectInputEvents = YES;
				INFOPLIST_KEY_UILaunchScreen_Generation = YES;
				INFOPLIST_KEY_UISupportedInterfaceOrientations = UIInterfaceOrientationPortrait;
				INFOPLIST_KEY_UISupportedInterfaceOrientations_iPad = "UIInterfaceOrientationPortrait UIInterfaceOrientationPortraitUpsideDown UIInterfaceOrientationLandscapeLeft UIInterfaceOrientationLandscapeRight";
				INFOPLIST_KEY_UISupportedInterfaceOrientations_iPhone = "UIInterfaceOrientationPortrait UIInterfaceOrientationLandscapeLeft UIInterfaceOrientationLandscapeRight";
				IPHONEOS_DEPLOYMENT_TARGET = 14.0;
				LD_RUNPATH_SEARCH_PATHS = (
					"$(inherited)",
					"@executable_path/Frameworks",
				);
				MARKETING_VERSION = 1.0;
				PRODUCT_BUNDLE_IDENTIFIER = com.ebucelik.Lawme;
				PRODUCT_NAME = "$(TARGET_NAME)";
				SWIFT_EMIT_LOC_STRINGS = YES;
				SWIFT_VERSION = 5.0;
				TARGETED_DEVICE_FAMILY = 1;
			};
			name = Release;
		};
/* End XCBuildConfiguration section */

/* Begin XCConfigurationList section */
		71F791182815BDB00012426E /* Build configuration list for PBXProject "Lawme" */ = {
			isa = XCConfigurationList;
			buildConfigurations = (
				71F791292815BDB00012426E /* Debug */,
				71F7912A2815BDB00012426E /* Release */,
			);
			defaultConfigurationIsVisible = 0;
			defaultConfigurationName = Release;
		};
		71F7912B2815BDB00012426E /* Build configuration list for PBXNativeTarget "Lawme" */ = {
			isa = XCConfigurationList;
			buildConfigurations = (
				71F7912C2815BDB00012426E /* Debug */,
				71F7912D2815BDB00012426E /* Release */,
			);
			defaultConfigurationIsVisible = 0;
			defaultConfigurationName = Release;
		};
/* End XCConfigurationList section */

/* Begin XCRemoteSwiftPackageReference section */
		71F7912E2815BDCE0012426E /* XCRemoteSwiftPackageReference "swift-composable-architecture" */ = {
			isa = XCRemoteSwiftPackageReference;
			repositoryURL = "https://github.com/pointfreeco/swift-composable-architecture";
			requirement = {
				branch = main;
				kind = branch;
			};
		};
/* End XCRemoteSwiftPackageReference section */

/* Begin XCSwiftPackageProductDependency section */
		7159D8F128189F18007AAB9B /* SwiftHelper */ = {
			isa = XCSwiftPackageProductDependency;
			productName = SwiftHelper;
		};
		71F7912F2815BDCE0012426E /* ComposableArchitecture */ = {
			isa = XCSwiftPackageProductDependency;
			package = 71F7912E2815BDCE0012426E /* XCRemoteSwiftPackageReference "swift-composable-architecture" */;
			productName = ComposableArchitecture;
		};
/* End XCSwiftPackageProductDependency section */
	};
	rootObject = 71F791152815BDB00012426E /* Project object */;
}
